
Microsoft Visual Studio Solution File, Format Version 12.00
# Visual Studio 15
VisualStudioVersion = 15.0.26730.12
MinimumVisualStudioVersion = 10.0.40219.1
Project("{FAE04EC0-301F-11D3-BF4B-00C04F79EFBC}") = "Loops", "Loops\Loops.csproj", "{E6942685-BEFE-4E08-839F-0B84688A4234}"
EndProject
Project("{FAE04EC0-301F-11D3-BF4B-00C04F79EFBC}") = "1.WhileLoop", "1.WhileLoop\1.WhileLoop.csproj", "{934CFC81-1624-4B3E-BBE1-41713C67E9D9}"
EndProject
Project("{FAE04EC0-301F-11D3-BF4B-00C04F79EFBC}") = "2.ForloopFactorial", "2.ForloopFactorial\2.ForloopFactorial.csproj", "{766B5745-1B7D-44DD-BB77-E214826E88D0}"
EndProject
Global
	GlobalSection(SolutionConfigurationPlatforms) = preSolution
		Debug|Any CPU = Debug|Any CPU
		Release|Any CPU = Release|Any CPU
	EndGlobalSection
	GlobalSection(ProjectConfigurationPlatforms) = postSolution
		{E6942685-BEFE-4E08-839F-0B84688A4234}.Debug|Any CPU.ActiveCfg = Debug|Any CPU
		{E6942685-BEFE-4E08-839F-0B84688A4234}.Debug|Any CPU.Build.0 = Debug|Any CPU
		{E6942685-BEFE-4E08-839F-0B84688A4234}.Release|Any CPU.ActiveCfg = Release|Any CPU
		{E6942685-BEFE-4E08-839F-0B84688A4234}.Release|Any CPU.Build.0 = Release|Any CPU
		{934CFC81-1624-4B3E-BBE1-41713C67E9D9}.Debug|Any CPU.ActiveCfg = Debug|Any CPU
		{934CFC81-1624-4B3E-BBE1-41713C67E9D9}.Debug|Any CPU.Build.0 = Debug|Any CPU
		{934CFC81-1624-4B3E-BBE1-41713C67E9D9}.Release|Any CPU.ActiveCfg = Release|Any CPU
		{934CFC81-1624-4B3E-BBE1-41713C67E9D9}.Release|Any CPU.Build.0 = Release|Any CPU
		{766B5745-1B7D-44DD-BB77-E214826E88D0}.Debug|Any CPU.ActiveCfg = Debug|Any CPU
		{766B5745-1B7D-44DD-BB77-E214826E88D0}.Debug|Any CPU.Build.0 = Debug|Any CPU
		{766B5745-1B7D-44DD-BB77-E214826E88D0}.Release|Any CPU.ActiveCfg = Release|Any CPU
		{766B5745-1B7D-44DD-BB77-E214826E88D0}.Release|Any CPU.Build.0 = Release|Any CPU
	EndGlobalSection
	GlobalSection(SolutionProperties) = preSolution
		HideSolutionNode = FALSE
	EndGlobalSection
	GlobalSection(ExtensibilityGlobals) = postSolution
		SolutionGuid = {3C1755AF-8006-48B0-B93B-1A30040D97C8}
	EndGlobalSection
EndGlobal
